# This file was autogenerated by uv via the following command:
#    uv 0.11.0 pip compile requirements.in --python 3.11 --python-platform manylinux --generate-hashes --no-build --exclude-newer 2026-08-24T00:00:00Z -o requirements.lock
asyncio-throttle==0.1.1 \
    --hash=sha256:a01a56f3671e961253cf262918f3e0741e222fc50d57d981ba5c801f284eccfe
    # via -r requirements.in
boto3==1.43.78 \
    --hash=sha256:2fa59116e298171ef59e7600a8be6c01177faef8af4b9a4314b7a57a04009ada \
    --hash=sha256:893f06a171469618e17de78dc927aca6e74fcf45a70d2c5918e9ac9919e96cc9
    # via -r requirements.in
botocore==1.43.78 \
    --hash=sha256:ddd020493235e264b3bd12606f239a3d3b2dd7cfb1d25a0691061183c290c228 \
    --hash=sha256:e8238d22c1e1342025d75d2e33d154a375e7caad0fc67f77d77faa2d82668b94
    # via
    #   -r requirements.in
    #   boto3
    #   s3transfer
coloredlogs==10.0 \
    --hash=sha256:34fad2e342d5a559c31b6c889e8d14f97cb62c47d9a2ae7b5ed14ea10a79eff8 \
    --hash=sha256:b869a2dda3fa88154b9dd850e27828d8755bfab5a838a1c97fbc850c6e377c36
    # via -r requirements.in
humanfriendly==10.0 \
    --hash=sha256:1697e1a8a8f550fd43c2865cd84542fc175a61dcb779b6fee18cf6b6ccba1477 \
    --hash=sha256:6b0b831ce8f15f7300721aa49829fc4e83921a9a301cc7f606be6686a2288ddc
    # via coloredlogs
jmespath==1.1.0 \
    --hash=sha256:472c87d80f36026ae83c6ddd0f1d05d4e510134ed462851fd5f754c8c3cbb88d \
    --hash=sha256:a5663118de4908c91729bea0acadca56526eb2698e83de10cd116ae0f4e97c64
    # via
    #   boto3
    #   botocore
netaddr==1.3.0 \
    --hash=sha256:5c3c3d9895b551b763779ba7db7a03487dc1f8e3b385af819af341ae9ef6e48a \
    --hash=sha256:c2c6a8ebe5554ce33b7d5b3a306b71bbb373e000bbbf2350dd5213cc56e3dbbe
    # via -r requirements.in
policyuniverse==1.5.1.20231109 \
    --hash=sha256:0b0ece0ee8285af31fc39ce09c82a551ca62e62bc2842e23952503bccb973321 \
    --hash=sha256:74e56d410560915c2c5132e361b0130e4bffe312a2f45230eac50d7c094bc40a
    # via -r requirements.in
python-dateutil==2.8.0 \
    --hash=sha256:7e6584c74aeed623791615e26efd690f29817a27c73085b78e4bad02493df2fb \
    --hash=sha256:c89805f6f4d64db21ed966fda138f8a5ed7a4fdbc1a8ee329ce1b74e3c74da9e
    # via
    #   -r requirements.in
    #   botocore
s3transfer==0.19.2 \
    --hash=sha256:ba0309fd86be3c27dbf78cdd813c13c5e1df16e5874b99d2535ebbdfb9892993 \
    --hash=sha256:d8168eccca828cbb2cd573675333f3bddd254313a9c42494b84c76b539e8ba25
    # via boto3
six==1.17.0 \
    --hash=sha256:4721f391ed90541fddacab5acf947aa0d3dc7d27b2e1e8eda2be8970586c3274 \
    --hash=sha256:ff70335d468e7eb6ec65b95b99d3a2836546063f63acc5171de367e834932a81
    # via python-dateutil
urllib3==2.7.0 \
    --hash=sha256:231e0ec3b63ceb14667c67be60f2f2c40a518cb38b03af60abc813da26505f4c \
    --hash=sha256:9fb4c81ebbb1ce9531cce37674bbc6f1360472bc18ca9a553ede278ef7276897
    # via botocore
