# Garak 0.17.0 closed native REST/probe dependency route; Python 3.11 Linux amd64/arm64.
# Exact versions and immutable wheel hashes verified from primary PyPI version metadata.
aiohappyeyeballs==2.7.1 \
    --hash=sha256:9243213661e29250eb41368e5daa826fc017156c3b8a11440826b2e3ed376472
aiohttp==3.14.3 \
    --hash=sha256:53e7b4ce82b54a8bcc71b3b67a5cbd177ca1d7f592cbc92cd38b7349f73482db \
    --hash=sha256:d6088ec9894113802bddb3c09e974929aed2c7b3a8c456219b8aab4481f1a239
aiosignal==1.4.0 \
    --hash=sha256:053243f8b92b990551949e63930a839ff0cf0b0ebbe0597b0f3fb19e1a0fe82e
anyio==4.15.1 \
    --hash=sha256:6152fdbbf9a77fdec97731721bebf7c4c44f7c29b424b0065826173efc7ed101
attrs==26.1.0 \
    --hash=sha256:c647aa4a12dfbad9333ca4e71fe62ddc36f4e63b2d260a37a8b83d2f043ac309
backoff==2.2.1 \
    --hash=sha256:63579f9a0628e06278f7e47b7d7d5b6ce20dc65c5e96a6f3ca99a6adca0396e8
certifi==2026.7.22 \
    --hash=sha256:62f22742b58a1a33014a2b6b706588a8d7e2a88ae7bd1a6ebe8c992928483775
charset-normalizer==3.5.2 \
    --hash=sha256:1c50fe28bbc2ced33386f298650d91218076c05420e6cbd790b913adc41659e7 \
    --hash=sha256:211d5a3eb6af8f513b8d4ca19a8c1b7accab1b5f0d3175f9826b03c1a920dc1f \
    --hash=sha256:b6b751274acb69d77b3323d6b7dbaa3c7fdfc1eb829b7eb61d262f32e1af9685 \
    --hash=sha256:d19fbd981a488e22cd04883659ca6b08f50b5974f9fd7c95655ef6a043e5893f \
    --hash=sha256:d760fe2a4d7c3b226cb9026d6a842868d52a7901bd98420e1baf14e80da85cf5
click==8.5.0 \
    --hash=sha256:255bc9599cf7748b4b1a446ccc735421bd08a2ae529a8b88597d3de5664ee360
cloudpickle==3.1.2 \
    --hash=sha256:9acb47f6afd73f60dc1df93bb801b472f05ff42fa6c84167d25cb206be1fbf4a
colorama==0.4.6 \
    --hash=sha256:4f1d9991f5acc0ca119f9d443620b77f9d6b33703e51011c16baf57afb285fc6
defusedxml==0.7.1 \
    --hash=sha256:a352e7e428770286cc899e2542b6cdaedb2b4953ff269a210103ec58f6198a61
frozenlist==1.8.0 \
    --hash=sha256:0c18a16eab41e82c295618a77502e17b195883241c563b00f0aa5106fc4eaa0d \
    --hash=sha256:2552f44204b744fba866e573be4c1f9048d6a324dfe14475103fd51613eb1d1f \
    --hash=sha256:957e7c38f250991e48a9a73e6423db1bb9dd14e722a10f6b8bb8e16a0f55f695
h11==0.16.0 \
    --hash=sha256:63cf8bbe7522de3bf65932fda1d9c2772064ffb3dae62d55932da54b31cb6c86
httpcore==1.0.9 \
    --hash=sha256:2d400746a40668fc9dec9810239072b40b4484b640a8c38fd654a024c7a1bf55
httpx==0.28.1 \
    --hash=sha256:d909fcccc110f8c7faf814ca82a9a4d816bc5a6dbfea25d6591d6985b8ba59ad
idna==3.20 \
    --hash=sha256:ab7ae7122974553370f0bdb919e1a960b2cd1bc1ef0276416d896db81c14582c
Jinja2==3.1.6 \
    --hash=sha256:85ece4451f492d0c13c5dd7c13a64681a86afae63a5f347908daf103ce6d2f67
joblib==1.6.0 \
    --hash=sha256:3dbbf9f6e4b592a2357b854608e980fe6390d131d7a82f011a377ef2ebef7aba
jsonpath-ng==1.8.0 \
    --hash=sha256:b8dde192f8af58d646fc031fac9c99fe4d00326afc4148f1f043c601a8cfe138
Markdown==3.11 \
    --hash=sha256:cd6c89e7eb308c8b332ed673215a52d208a43f8bacc030b1419376129408719e
MarkupSafe==3.0.4 \
    --hash=sha256:6da83a088f8ef93b2d483a8232a4dbf4d69d3d8496b568a03c56becac43e1808 \
    --hash=sha256:849dd2bb0e5e4ab2b71c7191726a4a8d5aa8a610daa584728cbee0b710ddc4ef
multidict==6.9.1 \
    --hash=sha256:7bf6478188f4e47bf5686e8a33da4ae28bf43b1b2528d9ee144d28492bfac60b \
    --hash=sha256:b8a65621b98984a62e59403009591b8a5a7736273aefe1cab64cfb85b365cc07 \
    --hash=sha256:e8f1e362c9352b50ed120f001046fdbb80810c9d56580f4c3fc13bbe30823387
nltk==3.10.3 \
    --hash=sha256:ff9598a8e20518ee0d557745890cc4435b9578489e2dcbc69c4f81fa060caf7c
numpy==2.4.6 \
    --hash=sha256:0ab0a9c4ffb1a6d95ef519fe4247dba8eb6b18ad93999f76b7f657039acabd47 \
    --hash=sha256:89cd468399cfd2504718f0ba50e410dca55a170b61a02ad92bb18c8a65186e93
propcache==0.5.4 \
    --hash=sha256:62530ca89187827e4a4fe733f971abe81a7542eeea48ff61995f19b64d7199c8 \
    --hash=sha256:62c60aec739ed00124573cce1178138fd690c7676352d67a37328c1cf51d7468 \
    --hash=sha256:6e9368e87a3efc285e559131092c5db643eb8e56de4ee42064d5baec22ef2bb5
PySocks==1.7.1 \
    --hash=sha256:2725bd0a9925919b9b51739eea5f9e2bae91e83288108a9ad338b2e3a4435ee5
PyYAML==6.0.3 \
    --hash=sha256:10892704fc220243f5305762e276552a0395f7beb4dbf9b14ec8fd43b57f126c \
    --hash=sha256:b8bb0864c5a28024fac8a632c443c87c5aa6f215c0b126c449ae1a150412f31d
regex==2026.9.29 \
    --hash=sha256:612b709381c0355b70d89cdb51b7f670591ed5cbbc0e3b5337488019dc667b65 \
    --hash=sha256:7020ed44df30b3aa492c00ee3b52d0548c1f30c2c6c5bb13ae897680900d3413
requests==2.34.2 \
    --hash=sha256:2a0d60c172f83ac6ab31e4554906c0f3b3588d37b5cb939b1c061f4907e278e0
six==1.17.0 \
    --hash=sha256:4721f391ed90541fddacab5acf947aa0d3dc7d27b2e1e8eda2be8970586c3274
tqdm==4.70.1 \
    --hash=sha256:c293e525e6fef9c20e8728fd4612df02a0aa31bb5fe91ecd93e123b1b7bffa73
typing_extensions==4.16.0 \
    --hash=sha256:481caa481374e813c1b176ada14e97f1f67a4539ce9cfeb3f350d78d6370c2e8
urllib3==2.8.0 \
    --hash=sha256:0cf3cae568d36aa9576b28dfb35f11328f1cb974ca7647d9475ebb86c75ac6e3
xdg-base-dirs==6.0.3 \
    --hash=sha256:c80886a8f4e369d6148fdebd7abf182bf053ce6c744f7b7eec5853fec835ff44
yarl==1.25.1 \
    --hash=sha256:681c758b0490f9e96b78e5fa8e8dc6e648e9185bb6eaebe73183c33ea0c445f3 \
    --hash=sha256:acae6b45d1ace09b6ba3876da43b88366ef368f73b988c7f57e14231753d4420 \
    --hash=sha256:d5add7b4ca7afeea91d52e4d4e4db3b1fe9885b71f07054560d8c4296b7441a2
