# path|repository|revision|sha256|size|archive
languages/cpp/tree-sitter/semgrep-cpp|https://github.com/returntocorp/semgrep-cpp|9186c38ddf4d16113209e344f1e5de3d1b30be83|sha256:f61d92724c0bb8a754f1a9b22e78ead02caa516fc7cae32176bd03c299195b03|1228355|languages__cpp__tree-sitter__semgrep-cpp.tar.gz
languages/csharp/tree-sitter/semgrep-c-sharp|https://github.com/returntocorp/semgrep-c-sharp|a20746f8fa5c155453f91d58d5bf3b736d1fbdb4|sha256:68b7f18d7593529959b0ed3f2f8d4b613f6ceb0f4e43d86697379fb6ea276b45|2113993|languages__csharp__tree-sitter__semgrep-c-sharp.tar.gz
languages/go/tree-sitter/semgrep-go|https://github.com/returntocorp/semgrep-go|d2e55851fea0f5bd6705198e6282994d5bba4803|sha256:2b5ed6a6feba826b840722bc8778cdf376e7831de5b8b024e6178c3fb988c532|111444|languages__go__tree-sitter__semgrep-go.tar.gz
languages/java/tree-sitter/semgrep-java|https://github.com/returntocorp/semgrep-java|75161f747b9342254c7a132bb0ca7458618cd0a7|sha256:71aeaa03b10df210e6cb976f766e821356e5df402339b8e2576f24e9f2646726|234214|languages__java__tree-sitter__semgrep-java.tar.gz
languages/lua/tree-sitter/semgrep-lua|https://github.com/returntocorp/semgrep-lua|49a7ed0d0c4859cc91ad0c43b0cf92d7448d007e|sha256:e056cf846d1e1df6cebdccbb49809f1a4284dffbfcc5f001e1161836fa5a03a2|80347|languages__lua__tree-sitter__semgrep-lua.tar.gz
languages/r/tree-sitter/semgrep-r|https://github.com/returntocorp/semgrep-r|d8576644f8c813ea1ec4403866f661861e43969a|sha256:ecdf6b46516b0f354ec8088caf180557f4e07934da12d279dea20cb0551284ec|191337|languages__r__tree-sitter__semgrep-r.tar.gz
languages/rust/tree-sitter/semgrep-rust|https://github.com/returntocorp/semgrep-rust|64fe5d06dfafad9c2a9764524db036cd31820e3c|sha256:517032dc18e48c18e6b5b803d0eb3b58d38764d9fccb7c80481a43cc07e57bdc|447213|languages__rust__tree-sitter__semgrep-rust.tar.gz
languages/typescript/tree-sitter/semgrep-tsx|https://github.com/returntocorp/semgrep-tsx|6005de74ed9e2fb891785a3df8582dbb91e272bc|sha256:dc846bac5fc054a980c10c8e513aba053d9a155ec294d568b7fd63fec4a32107|537065|languages__typescript__tree-sitter__semgrep-tsx.tar.gz
languages/typescript/tree-sitter/semgrep-typescript|https://github.com/returntocorp/semgrep-typescript|50fe6a5c46d3dee74d1d176b9767ffc520a1003e|sha256:93a3405405765132edbe10f86529aaa0955869ded0b524cf9236297376e6a7c6|528137|languages__typescript__tree-sitter__semgrep-typescript.tar.gz
languages/ocaml/tree-sitter/semgrep-ocaml|https://github.com/returntocorp/semgrep-ocaml|62466992084e2b75c048ded706e3a9119f9ded2c|sha256:662f8584619434bb45effd09ed45c76980db2c88019627e737f30b9e01891f51|1699706|languages__ocaml__tree-sitter__semgrep-ocaml.tar.gz
languages/hack/tree-sitter/semgrep-hack|https://github.com/returntocorp/semgrep-hack|401a92b1ef61e526bad118f3c97119c714384519|sha256:af47bde81b93bea4eb794b2e247138cb568fc22b7ad6246376a69fecea85fb02|618183|languages__hack__tree-sitter__semgrep-hack.tar.gz
languages/html/tree-sitter/semgrep-html|https://github.com/returntocorp/semgrep-html|2bde56bff950da7984ae729c656e10c05ede3ddf|sha256:1484032cb5a4faa9066550afc77dbf7d6f476b3a430384f8e36c46c2acdcf387|29321|languages__html__tree-sitter__semgrep-html.tar.gz
languages/dockerfile/tree-sitter/semgrep-dockerfile|https://github.com/returntocorp/semgrep-dockerfile|88b70c9520964c696f1c833b8e8fb9645d4233d6|sha256:65bed10e6a7ccf409332746e5236c0f4d4f99abc45e6556a1f37f845fae77bf1|64053|languages__dockerfile__tree-sitter__semgrep-dockerfile.tar.gz
languages/bash/tree-sitter/semgrep-bash|https://github.com/returntocorp/semgrep-bash|c9a4e36f11b202061eb219a309580b903266c47c|sha256:61399df745b096e83d529f2f9ae9f21faa7006cb598251d51b40cc07155e1058|228331|languages__bash__tree-sitter__semgrep-bash.tar.gz
libs/ocaml-tree-sitter-core|https://github.com/returntocorp/ocaml-tree-sitter-core|2dc9e0c738086df1ce4de93723302d9560d5b76c|sha256:a3ca10e214a791aac88f91d1b67f2f0b4c74f56242d002a33c0ddf1d231d555c|131424|libs__ocaml-tree-sitter-core.tar.gz
languages/php/tree-sitter/semgrep-php|https://github.com/returntocorp/semgrep-php|507f87c239d00f0dc501cd4c9105fb35aee4c10b|sha256:af9e6a4c0ff1c2f5ae080ec5e1a31901dd020ec3a991681b453f65e1f6de1001|394412|languages__php__tree-sitter__semgrep-php.tar.gz
languages/terraform/tree-sitter/semgrep-hcl|https://github.com/returntocorp/semgrep-hcl|51c3c26af2b5e23d879fbefa61639254140adc0a|sha256:d53c587b52ed635bd465d58b23674dd1f69f0545fe3678a1d77cd150850dd7ee|66432|languages__terraform__tree-sitter__semgrep-hcl.tar.gz
languages/solidity/tree-sitter/semgrep-solidity|https://github.com/returntocorp/semgrep-solidity|2f369b589d29ae351bca32cd9d82f554748594ad|sha256:01a84d7dfe76ddf19f5e16c02adc93a339948b16708f53302601c8537c814b00|277343|languages__solidity__tree-sitter__semgrep-solidity.tar.gz
languages/python/tree-sitter/semgrep-python|https://github.com/returntocorp/semgrep-python|647a20f8207740b0a76541bb27e1eaaf111dca7e|sha256:cde5d4660287f5fab3e59794c52cb13f7c6f0013d3a2c36d5d266f451d6bf09b|200010|languages__python__tree-sitter__semgrep-python.tar.gz
languages/swift/tree-sitter/semgrep-swift|https://github.com/returntocorp/semgrep-swift|f62f0c1dffa87b84dd1513374687513e6e091de1|sha256:77aa85996a2f8ea99e856ca396ed0e5d28200541c5de51307d8c9478860f1f3f|760211|languages__swift__tree-sitter__semgrep-swift.tar.gz
languages/julia/tree-sitter/semgrep-julia|https://github.com/returntocorp/semgrep-julia|3dabca267d6565b1a5f50db3f654e5f837a8ea29|sha256:e61ebcf3787111cf8a285966358edb1928510bcf5ac7e30dc6c22a02bbcde4b4|4032548|languages__julia__tree-sitter__semgrep-julia.tar.gz
languages/jsonnet/tree-sitter/semgrep-jsonnet|https://github.com/returntocorp/semgrep-jsonnet|90e1fbc65e25e1dbef85776777adb3cd53184ec5|sha256:f994a1248a7774528262f464dbfd9015affb00766eed8136c7a7a11aadbd4b46|49406|languages__jsonnet__tree-sitter__semgrep-jsonnet.tar.gz
languages/lisp/tree-sitter/semgrep-clojure|https://github.com/returntocorp/semgrep-clojure|f56ba7e347cb078a40551a5b2657b1351d086922|sha256:0904ce9166cfa59b1d193e5af37b4ebc42c3061f4cba7992bc50e13bd233f1d5|39861|languages__lisp__tree-sitter__semgrep-clojure.tar.gz
languages/cairo/tree-sitter/semgrep-cairo|https://github.com/returntocorp/semgrep-cairo|a8e2d5d5dcf8345735b15268b76b24377103a188|sha256:cc9a20f3b085c62b4bdb042f299393556cf6acbdb44bddbaae348f4eba73c824|88900|languages__cairo__tree-sitter__semgrep-cairo.tar.gz
languages/protobuf/tree-sitter/semgrep-proto|https://github.com/returntocorp/semgrep-proto|6754f93b8c89e9e62b48821081300460648f534f|sha256:e3fffce332076b374f0ca906d299757ea79009e110d430913bd99145ea4139f5|42540|languages__protobuf__tree-sitter__semgrep-proto.tar.gz
languages/promql/tree-sitter/semgrep-promql|https://github.com/returntocorp/semgrep-promql|3436085e1638264516ce75c484adf45fc96382d1|sha256:f130f8b06ca085dd175c8c751b6dd7561727f9c5f21bbb09f5109556f81296bf|44335|languages__promql__tree-sitter__semgrep-promql.tar.gz
languages/dart/tree-sitter/semgrep-dart|https://github.com/returntocorp/semgrep-dart|4a9be34e29ac6691d2050c10179e809e4f6bedf3|sha256:5e8e016270eb16e383ce4f3284197c1b5e7fc2d18391f6e74efa546a7f77e8fd|416411|languages__dart__tree-sitter__semgrep-dart.tar.gz
languages/ql/tree-sitter/semgrep-ql|https://github.com/semgrep/semgrep-ql|55749f3c2124dfe1661453ab0790042035a16d41|sha256:4d639ce2741a6d1e19ac8685e2d8a8dbb2dd337c40cfebf897f68e34b2117374|147077|languages__ql__tree-sitter__semgrep-ql.tar.gz
languages/ruby/tree-sitter/semgrep-ruby|https://github.com/returntocorp/semgrep-ruby|6cf62c7417a3f2961327ee97babf96454b734b19|sha256:742ee9c698e44cd0855acea5a64b7f0353a2bc4c7e481a6ba7e2cf5363c49f04|2047708|languages__ruby__tree-sitter__semgrep-ruby.tar.gz
languages/kotlin/tree-sitter/semgrep-kotlin|https://github.com/returntocorp/semgrep-kotlin|1bddb22061147533add5a66bfe8530254ae81675|sha256:cd680796d497dcc0005e5b33e03ba27570091f4a9cee4ac7b9a7d62f8bdb59aa|2183646|languages__kotlin__tree-sitter__semgrep-kotlin.tar.gz
tests/semgrep-rules|https://github.com/returntocorp/semgrep-rules|947bf05744d4c95153173a24879f30b3ba1a65aa|sha256:91750c73a9784712cf79423137342de135228f7cb7c0335b2bdea61263934dc5|1211768|tests__semgrep-rules.tar.gz
languages/move_on_aptos/tree-sitter/semgrep-move-on-aptos|https://github.com/semgrep/semgrep-move-on-aptos|667944faf4c1d81299cc34e4f09f5ab34330df09|sha256:209c1072ae386e96ffd9f488ee35c8045a56c77f70c7e3906d1791e222625f62|335285|languages__move_on_aptos__tree-sitter__semgrep-move-on-aptos.tar.gz
languages/move_on_sui/tree-sitter/semgrep-move-on-sui|https://github.com/semgrep/semgrep-move-on-sui|4fe01c06c24ada6a9b0a99d49cc488964fa11046|sha256:7db8bd2df2285d765f03beab721d5672006bf1e2bb0a6d8c17bad4713213c1a3|200568|languages__move_on_sui__tree-sitter__semgrep-move-on-sui.tar.gz
languages/circom/tree-sitter/semgrep-circom|https://github.com/semgrep/semgrep-circom|4e1e82bad56bccfe63e12cedd830b768789e239d|sha256:db070b9d3d742c393b0ba65c4fe3cc634f299e83f0c35f3dc2d9d8495d325c34|51293|languages__circom__tree-sitter__semgrep-circom.tar.gz
languages/fga/tree-sitter/semgrep-fga|https://github.com/semgrep/semgrep-fga|05a4b6c58299a290ad11af178568490af63f1d37|sha256:3345d5672e998c4d3df4c75a52f8cded15137245f803f9fb3911b7a85d94ad1c|32275|languages__fga__tree-sitter__semgrep-fga.tar.gz
languages/scala/tree-sitter/semgrep-scala|https://github.com/semgrep/semgrep-scala|b89a80db4bb076e74f9059eb67f5af7d6195b32d|sha256:904dd2c4073aaa1450da570908e4c4bcc5fb59504f90ecc026138920da9155cd|2258339|languages__scala__tree-sitter__semgrep-scala.tar.gz
